{
  "version": 4,
  "terraform_version": "0.12.29",
  "serial": 7,
  "lineage": "7628434e-d80d-cfdf-3ac3-6beaf3849150",
  "outputs": {},
  "resources": [
    {
      "mode": "managed",
      "type": "scaleway_instance_ip",
      "name": "public_ip",
      "provider": "provider.scaleway",
      "instances": [
        {
          "schema_version": 0,
          "attributes": {
            "address": "51.158.115.157",
            "id": "fr-par-1/b00b726e-1aed-4254-89a4-548b0492b600",
            "organization_id": "a24e8a50-11c9-44c4-b18d-44c7f5092889",
            "reverse": "",
            "server_id": null,
            "zone": "fr-par-1"
          },
          "private": "bnVsbA=="
        }
      ]
    },
    {
      "mode": "managed",
      "type": "scaleway_instance_server",
      "name": "my-ubuntu-instance",
      "provider": "provider.scaleway",
      "instances": [
        {
          "schema_version": 0,
          "attributes": {
            "additional_volume_ids": [
              "fr-par-1/e10a62ce-a926-48cb-803c-03ea45a526d6"
            ],
            "boot_type": "bootscript",
            "cloud_init": null,
            "disable_dynamic_ip": false,
            "disable_public_ip": false,
            "enable_dynamic_ip": false,
            "enable_ipv6": false,
            "id": "fr-par-1/bfc0555f-48b3-4ef0-84ec-2ba8cc6e84c1",
            "image": "ubuntu-bionic",
            "ip_id": "fr-par-1/b00b726e-1aed-4254-89a4-548b0492b600",
            "ipv6_address": "",
            "ipv6_gateway": "",
            "ipv6_prefix_length": 0,
            "name": "tf-srv-vigilant-jepsen",
            "organization_id": null,
            "placement_group_id": null,
            "placement_group_policy_respected": null,
            "private_ip": "10.1.16.34",
            "public_ip": "51.158.115.157",
            "root_volume": [
              {
                "delete_on_termination": true,
                "size_in_gb": 50,
                "volume_id": "fr-par-1/1b5e0e4a-5e20-43b3-8f92-88123b966ce3"
              }
            ],
            "security_group_id": "fr-par-1/4e5f097d-df46-4e16-8cdf-de91b4739dd9",
            "state": "started",
            "tags": [
              "FocalFossa",
              "MyUbuntuInstance"
            ],
            "type": "C1",
            "user_data": [],
            "zone": "fr-par-1"
          },
          "private": "bnVsbA==",
          "dependencies": [
            "scaleway_instance_ip.public_ip",
            "scaleway_instance_volume.data"
          ]
        }
      ]
    },
    {
      "mode": "managed",
      "type": "scaleway_instance_volume",
      "name": "data",
      "provider": "provider.scaleway",
      "instances": [
        {
          "schema_version": 0,
          "attributes": {
            "from_snapshot_id": null,
            "from_volume_id": null,
            "id": "fr-par-1/e10a62ce-a926-48cb-803c-03ea45a526d6",
            "name": "tf-vol-intelligent-liskov",
            "organization_id": "a24e8a50-11c9-44c4-b18d-44c7f5092889",
            "server_id": "",
            "size_in_gb": 50,
            "type": "l_ssd",
            "zone": "fr-par-1"
          },
          "private": "bnVsbA=="
        }
      ]
    }
  ]
}
